
Microsoft Visual Studio Solution File, Format Version 12.00
# Visual Studio Version 16
VisualStudioVersion = 16.0.28917.181
MinimumVisualStudioVersion = 10.0.40219.1
Project("{FAE04EC0-301F-11D3-BF4B-00C04F79EFBC}") = "PasswordHasher", "PasswordHasher\PasswordHasher.csproj", "{7F1FAE24-019C-4A15-B207-1779F365C951}"
EndProject
Project("{FAE04EC0-301F-11D3-BF4B-00C04F79EFBC}") = "PasswordHasher.Tests", "PasswordHasher.Tests\PasswordHasher.Tests.csproj", "{C1BA5829-D9F0-42CC-BF5C-634F7D3F511B}"
EndProject
Global
	GlobalSection(SolutionConfigurationPlatforms) = preSolution
		Debug|Any CPU = Debug|Any CPU
		Release|Any CPU = Release|Any CPU
	EndGlobalSection
	GlobalSection(ProjectConfigurationPlatforms) = postSolution
		{7F1FAE24-019C-4A15-B207-1779F365C951}.Debug|Any CPU.ActiveCfg = Debug|Any CPU
		{7F1FAE24-019C-4A15-B207-1779F365C951}.Debug|Any CPU.Build.0 = Debug|Any CPU
		{7F1FAE24-019C-4A15-B207-1779F365C951}.Release|Any CPU.ActiveCfg = Release|Any CPU
		{7F1FAE24-019C-4A15-B207-1779F365C951}.Release|Any CPU.Build.0 = Release|Any CPU
		{C1BA5829-D9F0-42CC-BF5C-634F7D3F511B}.Debug|Any CPU.ActiveCfg = Debug|Any CPU
		{C1BA5829-D9F0-42CC-BF5C-634F7D3F511B}.Debug|Any CPU.Build.0 = Debug|Any CPU
		{C1BA5829-D9F0-42CC-BF5C-634F7D3F511B}.Release|Any CPU.ActiveCfg = Release|Any CPU
		{C1BA5829-D9F0-42CC-BF5C-634F7D3F511B}.Release|Any CPU.Build.0 = Release|Any CPU
	EndGlobalSection
	GlobalSection(SolutionProperties) = preSolution
		HideSolutionNode = FALSE
	EndGlobalSection
	GlobalSection(ExtensibilityGlobals) = postSolution
		SolutionGuid = {5A8F6200-A61D-4EFD-B2F2-1C68B97A177F}
	EndGlobalSection
EndGlobal
